
Microsoft Visual Studio Solution File, Format Version 12.00
# Visual Studio Version 16
VisualStudioVersion = 16.0.33214.272
MinimumVisualStudioVersion = 10.0.40219.1
Project("{FAE04EC0-301F-11D3-BF4B-00C04F79EFBC}") = "WPFUIRecruitmentDashboard", "WPFUIRecruitmentDashboard\WPFUIRecruitmentDashboard.csproj", "{23E21112-7322-4907-9648-F98B41E33222}"
EndProject
Global
	GlobalSection(SolutionConfigurationPlatforms) = preSolution
		Debug|Any CPU = Debug|Any CPU
		Release|Any CPU = Release|Any CPU
	EndGlobalSection
	GlobalSection(ProjectConfigurationPlatforms) = postSolution
		{23E21112-7322-4907-9648-F98B41E33222}.Debug|Any CPU.ActiveCfg = Debug|Any CPU
		{23E21112-7322-4907-9648-F98B41E33222}.Debug|Any CPU.Build.0 = Debug|Any CPU
		{23E21112-7322-4907-9648-F98B41E33222}.Release|Any CPU.ActiveCfg = Release|Any CPU
		{23E21112-7322-4907-9648-F98B41E33222}.Release|Any CPU.Build.0 = Release|Any CPU
	EndGlobalSection
	GlobalSection(SolutionProperties) = preSolution
		HideSolutionNode = FALSE
	EndGlobalSection
	GlobalSection(ExtensibilityGlobals) = postSolution
		SolutionGuid = {01E4EB86-E63A-460B-823C-F84559F8EBB5}
	EndGlobalSection
EndGlobal
